
Microsoft Visual Studio Solution File, Format Version 12.00
# Visual Studio Version 17
VisualStudioVersion = 17.4.33020.496
MinimumVisualStudioVersion = 10.0.40219.1
Project("{9A19103F-16F7-4668-BE54-9A1E7A4F7556}") = "EFCore.DatabaseFirst", "EFCore.DatabaseFirst\EFCore.DatabaseFirst.csproj", "{277EA466-CA96-4DA3-B366-E9C9CBB89DED}"
EndProject
Project("{FAE04EC0-301F-11D3-BF4B-00C04F79EFBC}") = "EFCore.DatabaseFirstByScaffold", "EFCore.DatabaseFirstByScaffold\EFCore.DatabaseFirstByScaffold.csproj", "{86433907-C7A1-4F6B-AEAF-1AADFB7E4A4A}"
EndProject
Project("{FAE04EC0-301F-11D3-BF4B-00C04F79EFBC}") = "EfCore.CodeFirst", "EfCore.CodeFirst\EfCore.CodeFirst.csproj", "{E68A7F43-C146-411B-9ACE-B4E09F714957}"
EndProject
Global
	GlobalSection(SolutionConfigurationPlatforms) = preSolution
		Debug|Any CPU = Debug|Any CPU
		Release|Any CPU = Release|Any CPU
	EndGlobalSection
	GlobalSection(ProjectConfigurationPlatforms) = postSolution
		{277EA466-CA96-4DA3-B366-E9C9CBB89DED}.Debug|Any CPU.ActiveCfg = Debug|Any CPU
		{277EA466-CA96-4DA3-B366-E9C9CBB89DED}.Debug|Any CPU.Build.0 = Debug|Any CPU
		{277EA466-CA96-4DA3-B366-E9C9CBB89DED}.Release|Any CPU.ActiveCfg = Release|Any CPU
		{277EA466-CA96-4DA3-B366-E9C9CBB89DED}.Release|Any CPU.Build.0 = Release|Any CPU
		{86433907-C7A1-4F6B-AEAF-1AADFB7E4A4A}.Debug|Any CPU.ActiveCfg = Debug|Any CPU
		{86433907-C7A1-4F6B-AEAF-1AADFB7E4A4A}.Debug|Any CPU.Build.0 = Debug|Any CPU
		{86433907-C7A1-4F6B-AEAF-1AADFB7E4A4A}.Release|Any CPU.ActiveCfg = Release|Any CPU
		{86433907-C7A1-4F6B-AEAF-1AADFB7E4A4A}.Release|Any CPU.Build.0 = Release|Any CPU
		{E68A7F43-C146-411B-9ACE-B4E09F714957}.Debug|Any CPU.ActiveCfg = Debug|Any CPU
		{E68A7F43-C146-411B-9ACE-B4E09F714957}.Debug|Any CPU.Build.0 = Debug|Any CPU
		{E68A7F43-C146-411B-9ACE-B4E09F714957}.Release|Any CPU.ActiveCfg = Release|Any CPU
		{E68A7F43-C146-411B-9ACE-B4E09F714957}.Release|Any CPU.Build.0 = Release|Any CPU
	EndGlobalSection
	GlobalSection(SolutionProperties) = preSolution
		HideSolutionNode = FALSE
	EndGlobalSection
	GlobalSection(ExtensibilityGlobals) = postSolution
		SolutionGuid = {8B8953D3-0CE9-487E-9290-410629BF637A}
	EndGlobalSection
EndGlobal
